
Microsoft Visual Studio Solution File, Format Version 12.00
# Visual Studio Version 17
VisualStudioVersion = 17.0.32112.339
MinimumVisualStudioVersion = 10.0.40219.1
Project("{9A19103F-16F7-4668-BE54-9A1E7A4F7556}") = "Acme.Domain", "Acme.Domain\Acme.Domain.csproj", "{94707039-9893-44E3-A0C6-04FCD30FB1E1}"
EndProject
Project("{9A19103F-16F7-4668-BE54-9A1E7A4F7556}") = "Acme.Sandbox", "Acme.Sandbox\Acme.Sandbox.csproj", "{6F1DDC2D-6430-4A6C-B245-5933A27F8733}"
EndProject
Project("{9A19103F-16F7-4668-BE54-9A1E7A4F7556}") = "Acme.DataAccess", "Acme.DataAccess\Acme.DataAccess.csproj", "{CD1FC405-4EBB-4A81-A9BE-92315BCD50BA}"
EndProject
Project("{9A19103F-16F7-4668-BE54-9A1E7A4F7556}") = "Acme.Api", "Acme.Api\Acme.Api.csproj", "{EB77F9EC-2EB5-46E0-8F56-4590AD91AC06}"
EndProject
Project("{FAE04EC0-301F-11D3-BF4B-00C04F79EFBC}") = "Acme.Sample", "Acme.Sample\Acme.Sample.csproj", "{7F53185E-3101-4F54-9ED8-86DE57C0B672}"
EndProject
Global
	GlobalSection(SolutionConfigurationPlatforms) = preSolution
		Debug|Any CPU = Debug|Any CPU
		Release|Any CPU = Release|Any CPU
	EndGlobalSection
	GlobalSection(ProjectConfigurationPlatforms) = postSolution
		{94707039-9893-44E3-A0C6-04FCD30FB1E1}.Debug|Any CPU.ActiveCfg = Debug|Any CPU
		{94707039-9893-44E3-A0C6-04FCD30FB1E1}.Debug|Any CPU.Build.0 = Debug|Any CPU
		{94707039-9893-44E3-A0C6-04FCD30FB1E1}.Release|Any CPU.ActiveCfg = Release|Any CPU
		{94707039-9893-44E3-A0C6-04FCD30FB1E1}.Release|Any CPU.Build.0 = Release|Any CPU
		{6F1DDC2D-6430-4A6C-B245-5933A27F8733}.Debug|Any CPU.ActiveCfg = Debug|Any CPU
		{6F1DDC2D-6430-4A6C-B245-5933A27F8733}.Debug|Any CPU.Build.0 = Debug|Any CPU
		{6F1DDC2D-6430-4A6C-B245-5933A27F8733}.Release|Any CPU.ActiveCfg = Release|Any CPU
		{6F1DDC2D-6430-4A6C-B245-5933A27F8733}.Release|Any CPU.Build.0 = Release|Any CPU
		{CD1FC405-4EBB-4A81-A9BE-92315BCD50BA}.Debug|Any CPU.ActiveCfg = Debug|Any CPU
		{CD1FC405-4EBB-4A81-A9BE-92315BCD50BA}.Debug|Any CPU.Build.0 = Debug|Any CPU
		{CD1FC405-4EBB-4A81-A9BE-92315BCD50BA}.Release|Any CPU.ActiveCfg = Release|Any CPU
		{CD1FC405-4EBB-4A81-A9BE-92315BCD50BA}.Release|Any CPU.Build.0 = Release|Any CPU
		{EB77F9EC-2EB5-46E0-8F56-4590AD91AC06}.Debug|Any CPU.ActiveCfg = Debug|Any CPU
		{EB77F9EC-2EB5-46E0-8F56-4590AD91AC06}.Debug|Any CPU.Build.0 = Debug|Any CPU
		{EB77F9EC-2EB5-46E0-8F56-4590AD91AC06}.Release|Any CPU.ActiveCfg = Release|Any CPU
		{EB77F9EC-2EB5-46E0-8F56-4590AD91AC06}.Release|Any CPU.Build.0 = Release|Any CPU
		{7F53185E-3101-4F54-9ED8-86DE57C0B672}.Debug|Any CPU.ActiveCfg = Debug|Any CPU
		{7F53185E-3101-4F54-9ED8-86DE57C0B672}.Debug|Any CPU.Build.0 = Debug|Any CPU
		{7F53185E-3101-4F54-9ED8-86DE57C0B672}.Release|Any CPU.ActiveCfg = Release|Any CPU
		{7F53185E-3101-4F54-9ED8-86DE57C0B672}.Release|Any CPU.Build.0 = Release|Any CPU
	EndGlobalSection
	GlobalSection(SolutionProperties) = preSolution
		HideSolutionNode = FALSE
	EndGlobalSection
	GlobalSection(ExtensibilityGlobals) = postSolution
		SolutionGuid = {67BF41F0-1C45-4659-8720-DB4F5BB01CE1}
	EndGlobalSection
EndGlobal
